
Microsoft Visual Studio Solution File, Format Version 12.00
# Visual Studio Version 16
VisualStudioVersion = 16.0.31605.320
MinimumVisualStudioVersion = 10.0.40219.1
Project("{9A19103F-16F7-4668-BE54-9A1E7A4F7556}") = "lab1", "lab1\lab1.csproj", "{2A4483A1-E3B7-470B-A665-4683F2BD5661}"
EndProject
Project("{9A19103F-16F7-4668-BE54-9A1E7A4F7556}") = "lab2", "lab2\lab2.csproj", "{CDD852B9-CB5A-4340-821A-BC508277D4C7}"
EndProject
Project("{9A19103F-16F7-4668-BE54-9A1E7A4F7556}") = "lab3", "lab3\lab3.csproj", "{7D1AB4E6-BD41-4069-92D9-C1B298FBFDE3}"
EndProject
Project("{9A19103F-16F7-4668-BE54-9A1E7A4F7556}") = "lab4", "lab4\lab4.csproj", "{CD8FA3E7-A1EC-44E0-A43D-BEDE10277EFC}"
EndProject
Global
	GlobalSection(SolutionConfigurationPlatforms) = preSolution
		Debug|Any CPU = Debug|Any CPU
		Release|Any CPU = Release|Any CPU
	EndGlobalSection
	GlobalSection(ProjectConfigurationPlatforms) = postSolution
		{2A4483A1-E3B7-470B-A665-4683F2BD5661}.Debug|Any CPU.ActiveCfg = Debug|Any CPU
		{2A4483A1-E3B7-470B-A665-4683F2BD5661}.Debug|Any CPU.Build.0 = Debug|Any CPU
		{2A4483A1-E3B7-470B-A665-4683F2BD5661}.Release|Any CPU.ActiveCfg = Release|Any CPU
		{2A4483A1-E3B7-470B-A665-4683F2BD5661}.Release|Any CPU.Build.0 = Release|Any CPU
		{CDD852B9-CB5A-4340-821A-BC508277D4C7}.Debug|Any CPU.ActiveCfg = Debug|Any CPU
		{CDD852B9-CB5A-4340-821A-BC508277D4C7}.Debug|Any CPU.Build.0 = Debug|Any CPU
		{CDD852B9-CB5A-4340-821A-BC508277D4C7}.Release|Any CPU.ActiveCfg = Release|Any CPU
		{CDD852B9-CB5A-4340-821A-BC508277D4C7}.Release|Any CPU.Build.0 = Release|Any CPU
		{7D1AB4E6-BD41-4069-92D9-C1B298FBFDE3}.Debug|Any CPU.ActiveCfg = Debug|Any CPU
		{7D1AB4E6-BD41-4069-92D9-C1B298FBFDE3}.Debug|Any CPU.Build.0 = Debug|Any CPU
		{7D1AB4E6-BD41-4069-92D9-C1B298FBFDE3}.Release|Any CPU.ActiveCfg = Release|Any CPU
		{7D1AB4E6-BD41-4069-92D9-C1B298FBFDE3}.Release|Any CPU.Build.0 = Release|Any CPU
		{CD8FA3E7-A1EC-44E0-A43D-BEDE10277EFC}.Debug|Any CPU.ActiveCfg = Debug|Any CPU
		{CD8FA3E7-A1EC-44E0-A43D-BEDE10277EFC}.Debug|Any CPU.Build.0 = Debug|Any CPU
		{CD8FA3E7-A1EC-44E0-A43D-BEDE10277EFC}.Release|Any CPU.ActiveCfg = Release|Any CPU
		{CD8FA3E7-A1EC-44E0-A43D-BEDE10277EFC}.Release|Any CPU.Build.0 = Release|Any CPU
	EndGlobalSection
	GlobalSection(SolutionProperties) = preSolution
		HideSolutionNode = FALSE
	EndGlobalSection
	GlobalSection(ExtensibilityGlobals) = postSolution
		SolutionGuid = {E5C1BEB4-17DE-47E2-BED3-01E264656546}
	EndGlobalSection
EndGlobal
